
Microsoft Visual Studio Solution File, Format Version 12.00
# Visual Studio Version 17
VisualStudioVersion = 17.4.33403.182
MinimumVisualStudioVersion = 10.0.40219.1
Project("{FAE04EC0-301F-11D3-BF4B-00C04F79EFBC}") = "WpfApp1", "WpfApp1.csproj", "{816C32D9-2BC8-4A36-BFB1-F67A7B42530C}"
EndProject
Global
	GlobalSection(SolutionConfigurationPlatforms) = preSolution
		Debug|Any CPU = Debug|Any CPU
		Release|Any CPU = Release|Any CPU
	EndGlobalSection
	GlobalSection(ProjectConfigurationPlatforms) = postSolution
		{816C32D9-2BC8-4A36-BFB1-F67A7B42530C}.Debug|Any CPU.ActiveCfg = Debug|Any CPU
		{816C32D9-2BC8-4A36-BFB1-F67A7B42530C}.Debug|Any CPU.Build.0 = Debug|Any CPU
		{816C32D9-2BC8-4A36-BFB1-F67A7B42530C}.Release|Any CPU.ActiveCfg = Release|Any CPU
		{816C32D9-2BC8-4A36-BFB1-F67A7B42530C}.Release|Any CPU.Build.0 = Release|Any CPU
	EndGlobalSection
	GlobalSection(SolutionProperties) = preSolution
		HideSolutionNode = FALSE
	EndGlobalSection
	GlobalSection(ExtensibilityGlobals) = postSolution
		SolutionGuid = {FB4F1333-2502-4E5D-A2B5-ED578054460C}
	EndGlobalSection
EndGlobal
